
Microsoft Visual Studio Solution File, Format Version 12.00
# Visual Studio 15
Project("{FAE04EC0-301F-11D3-BF4B-00C04F79EFBC}") = "UnityEngine.UI", "UnityEngine.UI.csproj", "{1B98D1F4-1ACE-D972-E043-FFE3D84BEF8E}"
EndProject
Project("{FAE04EC0-301F-11D3-BF4B-00C04F79EFBC}") = "spine-unity", "spine-unity.csproj", "{BE6CB0FF-0D66-9A5E-4CAB-8DAACB4DC6F8}"
EndProject
Project("{FAE04EC0-301F-11D3-BF4B-00C04F79EFBC}") = "UnityEngine.Purchasing.Stores", "UnityEngine.Purchasing.Stores.csproj", "{350DC600-0F39-94CB-6BAB-585C8A15AB2D}"
EndProject
Project("{FAE04EC0-301F-11D3-BF4B-00C04F79EFBC}") = "Assembly-CSharp", "Assembly-CSharp.csproj", "{7F85F45D-D1AD-F8C6-8DF1-36E759E12FC4}"
EndProject
Project("{FAE04EC0-301F-11D3-BF4B-00C04F79EFBC}") = "UnityEngine.Purchasing", "UnityEngine.Purchasing.csproj", "{BCB79B9D-3519-7564-4C92-1D3073B674CF}"
EndProject
Project("{FAE04EC0-301F-11D3-BF4B-00C04F79EFBC}") = "UnityEngine.Purchasing.Codeless", "UnityEngine.Purchasing.Codeless.csproj", "{1E27C026-6F3F-BBEB-C026-C2157ADAFA6E}"
EndProject
Project("{FAE04EC0-301F-11D3-BF4B-00C04F79EFBC}") = "Purchasing.Common", "Purchasing.Common.csproj", "{AEADA0EF-58F2-0FB5-7AA2-DBB0FCA19415}"
EndProject
Project("{FAE04EC0-301F-11D3-BF4B-00C04F79EFBC}") = "UnityEngine.Purchasing.WinRTCore", "UnityEngine.Purchasing.WinRTCore.csproj", "{07B47BE0-2C70-5506-7F69-176B6274619F}"
EndProject
Project("{FAE04EC0-301F-11D3-BF4B-00C04F79EFBC}") = "UnityEngine.Purchasing.SecurityStub", "UnityEngine.Purchasing.SecurityStub.csproj", "{175032BD-92D2-8D77-3436-32666CA50C13}"
EndProject
Project("{FAE04EC0-301F-11D3-BF4B-00C04F79EFBC}") = "SevenZip", "SevenZip.csproj", "{51246899-FF8A-0F5E-13D0-E0CD360AE285}"
EndProject
Project("{FAE04EC0-301F-11D3-BF4B-00C04F79EFBC}") = "UnityEngine.Purchasing.AppleCore", "UnityEngine.Purchasing.AppleCore.csproj", "{E1A54AE2-5B4A-25B3-0828-6BEC3BAFADCA}"
EndProject
Project("{FAE04EC0-301F-11D3-BF4B-00C04F79EFBC}") = "UnityEngine.Purchasing.SecurityCore", "UnityEngine.Purchasing.SecurityCore.csproj", "{4F21C18B-12CD-1B81-7D41-061B5B7AFCCB}"
EndProject
Project("{FAE04EC0-301F-11D3-BF4B-00C04F79EFBC}") = "UnityEngine.Purchasing.AppleStub", "UnityEngine.Purchasing.AppleStub.csproj", "{1BD12AC2-0AE0-6552-C6D2-6F334074A04B}"
EndProject
Project("{FAE04EC0-301F-11D3-BF4B-00C04F79EFBC}") = "UnityEngine.Purchasing.WinRTStub", "UnityEngine.Purchasing.WinRTStub.csproj", "{FC0C384F-CA32-12A6-4708-76A728A0A2D3}"
EndProject
Project("{FAE04EC0-301F-11D3-BF4B-00C04F79EFBC}") = "UnityEngine.Purchasing.AppleMacosStub", "UnityEngine.Purchasing.AppleMacosStub.csproj", "{E6C75B0F-A584-9ADD-BECB-9F028E0F94FC}"
EndProject
Project("{FAE04EC0-301F-11D3-BF4B-00C04F79EFBC}") = "spine-unity-editor", "spine-unity-editor.csproj", "{75F42622-B6BF-43E3-5ACA-2E08FAAC0ABE}"
EndProject
Project("{FAE04EC0-301F-11D3-BF4B-00C04F79EFBC}") = "Unity.2D.Sprite.Editor", "Unity.2D.Sprite.Editor.csproj", "{F78635AB-D753-8933-72DE-F21F9D62338C}"
EndProject
Project("{FAE04EC0-301F-11D3-BF4B-00C04F79EFBC}") = "UnityEditor.UI", "UnityEditor.UI.csproj", "{CE8255F8-C429-8D7D-6C52-0B1DFA6ECB1E}"
EndProject
Project("{FAE04EC0-301F-11D3-BF4B-00C04F79EFBC}") = "Assembly-CSharp-Editor", "Assembly-CSharp-Editor.csproj", "{D78FC5FD-4ACA-93F5-0ECD-87A1E14C20E1}"
EndProject
Project("{FAE04EC0-301F-11D3-BF4B-00C04F79EFBC}") = "UnityEditor.Purchasing", "UnityEditor.Purchasing.csproj", "{8C597752-58BA-A6E3-2AB6-74D84A9790D2}"
EndProject
Project("{FAE04EC0-301F-11D3-BF4B-00C04F79EFBC}") = "Unity.VSCode.Editor", "Unity.VSCode.Editor.csproj", "{9AE7FC18-82C9-E41B-A610-03CAF4E79FF1}"
EndProject
Project("{FAE04EC0-301F-11D3-BF4B-00C04F79EFBC}") = "spine-unity.Player", "spine-unity.Player.csproj", "{704FC200-5905-6DFC-402F-AC3F0A04F9C2}"
EndProject
Project("{FAE04EC0-301F-11D3-BF4B-00C04F79EFBC}") = "Assembly-CSharp.Player", "Assembly-CSharp.Player.csproj", "{6066E543-6188-A440-E372-875A7F02E00F}"
EndProject
Project("{FAE04EC0-301F-11D3-BF4B-00C04F79EFBC}") = "SevenZip.Player", "SevenZip.Player.csproj", "{0F93E51B-CBA5-E193-D6A4-B502D207F498}"
EndProject
Global
	GlobalSection(SolutionConfigurationPlatforms) = preSolution
		Debug|Any CPU = Debug|Any CPU
		Release|Any CPU = Release|Any CPU
	EndGlobalSection
	GlobalSection(ProjectConfigurationPlatforms) = postSolution
		{1B98D1F4-1ACE-D972-E043-FFE3D84BEF8E}.Debug|Any CPU.ActiveCfg = Debug|Any CPU
		{1B98D1F4-1ACE-D972-E043-FFE3D84BEF8E}.Debug|Any CPU.Build.0 = Debug|Any CPU
		{1B98D1F4-1ACE-D972-E043-FFE3D84BEF8E}.Release|Any CPU.ActiveCfg = Release|Any CPU
		{1B98D1F4-1ACE-D972-E043-FFE3D84BEF8E}.Release|Any CPU.Build.0 = Release|Any CPU
		{BE6CB0FF-0D66-9A5E-4CAB-8DAACB4DC6F8}.Debug|Any CPU.ActiveCfg = Debug|Any CPU
		{BE6CB0FF-0D66-9A5E-4CAB-8DAACB4DC6F8}.Debug|Any CPU.Build.0 = Debug|Any CPU
		{BE6CB0FF-0D66-9A5E-4CAB-8DAACB4DC6F8}.Release|Any CPU.ActiveCfg = Release|Any CPU
		{BE6CB0FF-0D66-9A5E-4CAB-8DAACB4DC6F8}.Release|Any CPU.Build.0 = Release|Any CPU
		{350DC600-0F39-94CB-6BAB-585C8A15AB2D}.Debug|Any CPU.ActiveCfg = Debug|Any CPU
		{350DC600-0F39-94CB-6BAB-585C8A15AB2D}.Debug|Any CPU.Build.0 = Debug|Any CPU
		{350DC600-0F39-94CB-6BAB-585C8A15AB2D}.Release|Any CPU.ActiveCfg = Release|Any CPU
		{350DC600-0F39-94CB-6BAB-585C8A15AB2D}.Release|Any CPU.Build.0 = Release|Any CPU
		{7F85F45D-D1AD-F8C6-8DF1-36E759E12FC4}.Debug|Any CPU.ActiveCfg = Debug|Any CPU
		{7F85F45D-D1AD-F8C6-8DF1-36E759E12FC4}.Debug|Any CPU.Build.0 = Debug|Any CPU
		{7F85F45D-D1AD-F8C6-8DF1-36E759E12FC4}.Release|Any CPU.ActiveCfg = Release|Any CPU
		{7F85F45D-D1AD-F8C6-8DF1-36E759E12FC4}.Release|Any CPU.Build.0 = Release|Any CPU
		{BCB79B9D-3519-7564-4C92-1D3073B674CF}.Debug|Any CPU.ActiveCfg = Debug|Any CPU
		{BCB79B9D-3519-7564-4C92-1D3073B674CF}.Debug|Any CPU.Build.0 = Debug|Any CPU
		{BCB79B9D-3519-7564-4C92-1D3073B674CF}.Release|Any CPU.ActiveCfg = Release|Any CPU
		{BCB79B9D-3519-7564-4C92-1D3073B674CF}.Release|Any CPU.Build.0 = Release|Any CPU
		{1E27C026-6F3F-BBEB-C026-C2157ADAFA6E}.Debug|Any CPU.ActiveCfg = Debug|Any CPU
		{1E27C026-6F3F-BBEB-C026-C2157ADAFA6E}.Debug|Any CPU.Build.0 = Debug|Any CPU
		{1E27C026-6F3F-BBEB-C026-C2157ADAFA6E}.Release|Any CPU.ActiveCfg = Release|Any CPU
		{1E27C026-6F3F-BBEB-C026-C2157ADAFA6E}.Release|Any CPU.Build.0 = Release|Any CPU
		{AEADA0EF-58F2-0FB5-7AA2-DBB0FCA19415}.Debug|Any CPU.ActiveCfg = Debug|Any CPU
		{AEADA0EF-58F2-0FB5-7AA2-DBB0FCA19415}.Debug|Any CPU.Build.0 = Debug|Any CPU
		{AEADA0EF-58F2-0FB5-7AA2-DBB0FCA19415}.Release|Any CPU.ActiveCfg = Release|Any CPU
		{AEADA0EF-58F2-0FB5-7AA2-DBB0FCA19415}.Release|Any CPU.Build.0 = Release|Any CPU
		{07B47BE0-2C70-5506-7F69-176B6274619F}.Debug|Any CPU.ActiveCfg = Debug|Any CPU
		{07B47BE0-2C70-5506-7F69-176B6274619F}.Debug|Any CPU.Build.0 = Debug|Any CPU
		{07B47BE0-2C70-5506-7F69-176B6274619F}.Release|Any CPU.ActiveCfg = Release|Any CPU
		{07B47BE0-2C70-5506-7F69-176B6274619F}.Release|Any CPU.Build.0 = Release|Any CPU
		{175032BD-92D2-8D77-3436-32666CA50C13}.Debug|Any CPU.ActiveCfg = Debug|Any CPU
		{175032BD-92D2-8D77-3436-32666CA50C13}.Debug|Any CPU.Build.0 = Debug|Any CPU
		{175032BD-92D2-8D77-3436-32666CA50C13}.Release|Any CPU.ActiveCfg = Release|Any CPU
		{175032BD-92D2-8D77-3436-32666CA50C13}.Release|Any CPU.Build.0 = Release|Any CPU
		{51246899-FF8A-0F5E-13D0-E0CD360AE285}.Debug|Any CPU.ActiveCfg = Debug|Any CPU
		{51246899-FF8A-0F5E-13D0-E0CD360AE285}.Debug|Any CPU.Build.0 = Debug|Any CPU
		{51246899-FF8A-0F5E-13D0-E0CD360AE285}.Release|Any CPU.ActiveCfg = Release|Any CPU
		{51246899-FF8A-0F5E-13D0-E0CD360AE285}.Release|Any CPU.Build.0 = Release|Any CPU
		{E1A54AE2-5B4A-25B3-0828-6BEC3BAFADCA}.Debug|Any CPU.ActiveCfg = Debug|Any CPU
		{E1A54AE2-5B4A-25B3-0828-6BEC3BAFADCA}.Debug|Any CPU.Build.0 = Debug|Any CPU
		{E1A54AE2-5B4A-25B3-0828-6BEC3BAFADCA}.Release|Any CPU.ActiveCfg = Release|Any CPU
		{E1A54AE2-5B4A-25B3-0828-6BEC3BAFADCA}.Release|Any CPU.Build.0 = Release|Any CPU
		{4F21C18B-12CD-1B81-7D41-061B5B7AFCCB}.Debug|Any CPU.ActiveCfg = Debug|Any CPU
		{4F21C18B-12CD-1B81-7D41-061B5B7AFCCB}.Debug|Any CPU.Build.0 = Debug|Any CPU
		{4F21C18B-12CD-1B81-7D41-061B5B7AFCCB}.Release|Any CPU.ActiveCfg = Release|Any CPU
		{4F21C18B-12CD-1B81-7D41-061B5B7AFCCB}.Release|Any CPU.Build.0 = Release|Any CPU
		{1BD12AC2-0AE0-6552-C6D2-6F334074A04B}.Debug|Any CPU.ActiveCfg = Debug|Any CPU
		{1BD12AC2-0AE0-6552-C6D2-6F334074A04B}.Debug|Any CPU.Build.0 = Debug|Any CPU
		{1BD12AC2-0AE0-6552-C6D2-6F334074A04B}.Release|Any CPU.ActiveCfg = Release|Any CPU
		{1BD12AC2-0AE0-6552-C6D2-6F334074A04B}.Release|Any CPU.Build.0 = Release|Any CPU
		{FC0C384F-CA32-12A6-4708-76A728A0A2D3}.Debug|Any CPU.ActiveCfg = Debug|Any CPU
		{FC0C384F-CA32-12A6-4708-76A728A0A2D3}.Debug|Any CPU.Build.0 = Debug|Any CPU
		{FC0C384F-CA32-12A6-4708-76A728A0A2D3}.Release|Any CPU.ActiveCfg = Release|Any CPU
		{FC0C384F-CA32-12A6-4708-76A728A0A2D3}.Release|Any CPU.Build.0 = Release|Any CPU
		{E6C75B0F-A584-9ADD-BECB-9F028E0F94FC}.Debug|Any CPU.ActiveCfg = Debug|Any CPU
		{E6C75B0F-A584-9ADD-BECB-9F028E0F94FC}.Debug|Any CPU.Build.0 = Debug|Any CPU
		{E6C75B0F-A584-9ADD-BECB-9F028E0F94FC}.Release|Any CPU.ActiveCfg = Release|Any CPU
		{E6C75B0F-A584-9ADD-BECB-9F028E0F94FC}.Release|Any CPU.Build.0 = Release|Any CPU
		{75F42622-B6BF-43E3-5ACA-2E08FAAC0ABE}.Debug|Any CPU.ActiveCfg = Debug|Any CPU
		{75F42622-B6BF-43E3-5ACA-2E08FAAC0ABE}.Debug|Any CPU.Build.0 = Debug|Any CPU
		{75F42622-B6BF-43E3-5ACA-2E08FAAC0ABE}.Release|Any CPU.ActiveCfg = Release|Any CPU
		{75F42622-B6BF-43E3-5ACA-2E08FAAC0ABE}.Release|Any CPU.Build.0 = Release|Any CPU
		{F78635AB-D753-8933-72DE-F21F9D62338C}.Debug|Any CPU.ActiveCfg = Debug|Any CPU
		{F78635AB-D753-8933-72DE-F21F9D62338C}.Debug|Any CPU.Build.0 = Debug|Any CPU
		{F78635AB-D753-8933-72DE-F21F9D62338C}.Release|Any CPU.ActiveCfg = Release|Any CPU
		{F78635AB-D753-8933-72DE-F21F9D62338C}.Release|Any CPU.Build.0 = Release|Any CPU
		{CE8255F8-C429-8D7D-6C52-0B1DFA6ECB1E}.Debug|Any CPU.ActiveCfg = Debug|Any CPU
		{CE8255F8-C429-8D7D-6C52-0B1DFA6ECB1E}.Debug|Any CPU.Build.0 = Debug|Any CPU
		{CE8255F8-C429-8D7D-6C52-0B1DFA6ECB1E}.Release|Any CPU.ActiveCfg = Release|Any CPU
		{CE8255F8-C429-8D7D-6C52-0B1DFA6ECB1E}.Release|Any CPU.Build.0 = Release|Any CPU
		{D78FC5FD-4ACA-93F5-0ECD-87A1E14C20E1}.Debug|Any CPU.ActiveCfg = Debug|Any CPU
		{D78FC5FD-4ACA-93F5-0ECD-87A1E14C20E1}.Debug|Any CPU.Build.0 = Debug|Any CPU
		{D78FC5FD-4ACA-93F5-0ECD-87A1E14C20E1}.Release|Any CPU.ActiveCfg = Release|Any CPU
		{D78FC5FD-4ACA-93F5-0ECD-87A1E14C20E1}.Release|Any CPU.Build.0 = Release|Any CPU
		{8C597752-58BA-A6E3-2AB6-74D84A9790D2}.Debug|Any CPU.ActiveCfg = Debug|Any CPU
		{8C597752-58BA-A6E3-2AB6-74D84A9790D2}.Debug|Any CPU.Build.0 = Debug|Any CPU
		{8C597752-58BA-A6E3-2AB6-74D84A9790D2}.Release|Any CPU.ActiveCfg = Release|Any CPU
		{8C597752-58BA-A6E3-2AB6-74D84A9790D2}.Release|Any CPU.Build.0 = Release|Any CPU
		{9AE7FC18-82C9-E41B-A610-03CAF4E79FF1}.Debug|Any CPU.ActiveCfg = Debug|Any CPU
		{9AE7FC18-82C9-E41B-A610-03CAF4E79FF1}.Debug|Any CPU.Build.0 = Debug|Any CPU
		{9AE7FC18-82C9-E41B-A610-03CAF4E79FF1}.Release|Any CPU.ActiveCfg = Release|Any CPU
		{9AE7FC18-82C9-E41B-A610-03CAF4E79FF1}.Release|Any CPU.Build.0 = Release|Any CPU
		{704FC200-5905-6DFC-402F-AC3F0A04F9C2}.Debug|Any CPU.ActiveCfg = Debug|Any CPU
		{704FC200-5905-6DFC-402F-AC3F0A04F9C2}.Debug|Any CPU.Build.0 = Debug|Any CPU
		{704FC200-5905-6DFC-402F-AC3F0A04F9C2}.Release|Any CPU.ActiveCfg = Release|Any CPU
		{704FC200-5905-6DFC-402F-AC3F0A04F9C2}.Release|Any CPU.Build.0 = Release|Any CPU
		{6066E543-6188-A440-E372-875A7F02E00F}.Debug|Any CPU.ActiveCfg = Debug|Any CPU
		{6066E543-6188-A440-E372-875A7F02E00F}.Debug|Any CPU.Build.0 = Debug|Any CPU
		{6066E543-6188-A440-E372-875A7F02E00F}.Release|Any CPU.ActiveCfg = Release|Any CPU
		{6066E543-6188-A440-E372-875A7F02E00F}.Release|Any CPU.Build.0 = Release|Any CPU
		{0F93E51B-CBA5-E193-D6A4-B502D207F498}.Debug|Any CPU.ActiveCfg = Debug|Any CPU
		{0F93E51B-CBA5-E193-D6A4-B502D207F498}.Debug|Any CPU.Build.0 = Debug|Any CPU
		{0F93E51B-CBA5-E193-D6A4-B502D207F498}.Release|Any CPU.ActiveCfg = Release|Any CPU
		{0F93E51B-CBA5-E193-D6A4-B502D207F498}.Release|Any CPU.Build.0 = Release|Any CPU
	EndGlobalSection
	GlobalSection(SolutionProperties) = preSolution
		HideSolutionNode = FALSE
	EndGlobalSection
EndGlobal
